// !$*UTF8*$!
{
	archiveVersion = 1;
	classes = {
	};
	objectVersion = 56;
	objects = {

/* Begin PBXBuildFile section */
		22B1CCB4294786610064A022 /* AppDelegate.swift in Sources */ = {isa = PBXBuildFile; fileRef = 22B1CCB3294786610064A022 /* AppDelegate.swift */; };
		22B1CCB8294786610064A022 /* HomeScreenVC.swift in Sources */ = {isa = PBXBuildFile; fileRef = 22B1CCB7294786610064A022 /* HomeScreenVC.swift */; };
		22B1CCBB294786610064A022 /* Main.storyboard in Resources */ = {isa = PBXBuildFile; fileRef = 22B1CCB9294786610064A022 /* Main.storyboard */; };
		22B1CCBE294786610064A022 /* WeatherApp.xcdatamodeld in Sources */ = {isa = PBXBuildFile; fileRef = 22B1CCBC294786610064A022 /* WeatherApp.xcdatamodeld */; };
		22B1CCC0294786650064A022 /* Assets.xcassets in Resources */ = {isa = PBXBuildFile; fileRef = 22B1CCBF294786650064A022 /* Assets.xcassets */; };
		22B1CCC3294786650064A022 /* LaunchScreen.storyboard in Resources */ = {isa = PBXBuildFile; fileRef = 22B1CCC1294786650064A022 /* LaunchScreen.storyboard */; };
		22B1CCCC29478BBD0064A022 /* HomeScreenVM.swift in Sources */ = {isa = PBXBuildFile; fileRef = 22B1CCCB29478BBD0064A022 /* HomeScreenVM.swift */; };
		22B1CCD029478BE60064A022 /* Manger.swift in Sources */ = {isa = PBXBuildFile; fileRef = 22B1CCCF29478BE60064A022 /* Manger.swift */; };
		22B1CCD5294828F90064A022 /* WeatherTableViewCell.swift in Sources */ = {isa = PBXBuildFile; fileRef = 22B1CCD3294828F90064A022 /* WeatherTableViewCell.swift */; };
		22B1CCD6294828F90064A022 /* WeatherTableViewCell.xib in Resources */ = {isa = PBXBuildFile; fileRef = 22B1CCD4294828F90064A022 /* WeatherTableViewCell.xib */; };
		22B1CCDD29482BF40064A022 /* HourlyTableViewCell.swift in Sources */ = {isa = PBXBuildFile; fileRef = 22B1CCDB29482BF40064A022 /* HourlyTableViewCell.swift */; };
		22B1CCDE29482BF40064A022 /* HourlyTableViewCell.xib in Resources */ = {isa = PBXBuildFile; fileRef = 22B1CCDC29482BF40064A022 /* HourlyTableViewCell.xib */; };
		22B1CCE0294841410064A022 /* SceneDelegate.swift in Sources */ = {isa = PBXBuildFile; fileRef = 22B1CCDF294841410064A022 /* SceneDelegate.swift */; };
		22B1CCE3294891240064A022 /* WeatherModel.swift in Sources */ = {isa = PBXBuildFile; fileRef = 22B1CCE2294891240064A022 /* WeatherModel.swift */; };
/* End PBXBuildFile section */

/* Begin PBXFileReference section */
		22B1CCB0294786610064A022 /* WeatherApp.app */ = {isa = PBXFileReference; explicitFileType = wrapper.application; includeInIndex = 0; path = WeatherApp.app; sourceTree = BUILT_PRODUCTS_DIR; };
		22B1CCB3294786610064A022 /* AppDelegate.swift */ = {isa = PBXFileReference; lastKnownFileType = sourcecode.swift; path = AppDelegate.swift; sourceTree = "<group>"; };
		22B1CCB7294786610064A022 /* HomeScreenVC.swift */ = {isa = PBXFileReference; lastKnownFileType = sourcecode.swift; path = HomeScreenVC.swift; sourceTree = "<group>"; };
		22B1CCBA294786610064A022 /* Base */ = {isa = PBXFileReference; lastKnownFileType = file.storyboard; name = Base; path = Base.lproj/Main.storyboard; sourceTree = "<group>"; };
		22B1CCBD294786610064A022 /* WeatherApp.xcdatamodel */ = {isa = PBXFileReference; lastKnownFileType = wrapper.xcdatamodel; path = WeatherApp.xcdatamodel; sourceTree = "<group>"; };
		22B1CCBF294786650064A022 /* Assets.xcassets */ = {isa = PBXFileReference; lastKnownFileType = folder.assetcatalog; path = Assets.xcassets; sourceTree = "<group>"; };
		22B1CCC2294786650064A022 /* Base */ = {isa = PBXFileReference; lastKnownFileType = file.storyboard; name = Base; path = Base.lproj/LaunchScreen.storyboard; sourceTree = "<group>"; };
		22B1CCC4294786650064A022 /* Info.plist */ = {isa = PBXFileReference; lastKnownFileType = text.plist.xml; path = Info.plist; sourceTree = "<group>"; };
		22B1CCCB29478BBD0064A022 /* HomeScreenVM.swift */ = {isa = PBXFileReference; lastKnownFileType = sourcecode.swift; path = HomeScreenVM.swift; sourceTree = "<group>"; };
		22B1CCCF29478BE60064A022 /* Manger.swift */ = {isa = PBXFileReference; lastKnownFileType = sourcecode.swift; path = Manger.swift; sourceTree = "<group>"; };
		22B1CCD3294828F90064A022 /* WeatherTableViewCell.swift */ = {isa = PBXFileReference; lastKnownFileType = sourcecode.swift; path = WeatherTableViewCell.swift; sourceTree = "<group>"; };
		22B1CCD4294828F90064A022 /* WeatherTableViewCell.xib */ = {isa = PBXFileReference; lastKnownFileType = file.xib; path = WeatherTableViewCell.xib; sourceTree = "<group>"; };
		22B1CCDB29482BF40064A022 /* HourlyTableViewCell.swift */ = {isa = PBXFileReference; lastKnownFileType = sourcecode.swift; path = HourlyTableViewCell.swift; sourceTree = "<group>"; };
		22B1CCDC29482BF40064A022 /* HourlyTableViewCell.xib */ = {isa = PBXFileReference; lastKnownFileType = file.xib; path = HourlyTableViewCell.xib; sourceTree = "<group>"; };
		22B1CCDF294841410064A022 /* SceneDelegate.swift */ = {isa = PBXFileReference; fileEncoding = 4; lastKnownFileType = sourcecode.swift; name = SceneDelegate.swift; path = ../../../../../../.Trash/SceneDelegate.swift; sourceTree = "<group>"; };
		22B1CCE2294891240064A022 /* WeatherModel.swift */ = {isa = PBXFileReference; lastKnownFileType = sourcecode.swift; path = WeatherModel.swift; sourceTree = "<group>"; };
/* End PBXFileReference section */

/* Begin PBXFrameworksBuildPhase section */
		22B1CCAD294786610064A022 /* Frameworks */ = {
			isa = PBXFrameworksBuildPhase;
			buildActionMask = 2147483647;
			files = (
			);
			runOnlyForDeploymentPostprocessing = 0;
		};
/* End PBXFrameworksBuildPhase section */

/* Begin PBXGroup section */
		22B1CCA7294786600064A022 = {
			isa = PBXGroup;
			children = (
				22B1CCB2294786610064A022 /* WeatherApp */,
				22B1CCB1294786610064A022 /* Products */,
			);
			sourceTree = "<group>";
		};
		22B1CCB1294786610064A022 /* Products */ = {
			isa = PBXGroup;
			children = (
				22B1CCB0294786610064A022 /* WeatherApp.app */,
			);
			name = Products;
			sourceTree = "<group>";
		};
		22B1CCB2294786610064A022 /* WeatherApp */ = {
			isa = PBXGroup;
			children = (
				22B1CCCA29478B820064A022 /* MVVM */,
				22B1CCB3294786610064A022 /* AppDelegate.swift */,
				22B1CCDF294841410064A022 /* SceneDelegate.swift */,
				22B1CCB9294786610064A022 /* Main.storyboard */,
				22B1CCBF294786650064A022 /* Assets.xcassets */,
				22B1CCC1294786650064A022 /* LaunchScreen.storyboard */,
				22B1CCC4294786650064A022 /* Info.plist */,
				22B1CCBC294786610064A022 /* WeatherApp.xcdatamodeld */,
			);
			path = WeatherApp;
			sourceTree = "<group>";
		};
		22B1CCCA29478B820064A022 /* MVVM */ = {
			isa = PBXGroup;
			children = (
				22B1CCE1294890F30064A022 /* Models */,
				22B1CCD2294828D30064A022 /* HourlyCollectionCell */,
				22B1CCD1294828B40064A022 /* WeatherCell */,
				22B1CCB7294786610064A022 /* HomeScreenVC.swift */,
				22B1CCCB29478BBD0064A022 /* HomeScreenVM.swift */,
				22B1CCCF29478BE60064A022 /* Manger.swift */,
			);
			path = MVVM;
			sourceTree = "<group>";
		};
		22B1CCD1294828B40064A022 /* WeatherCell */ = {
			isa = PBXGroup;
			children = (
				22B1CCD3294828F90064A022 /* WeatherTableViewCell.swift */,
				22B1CCD4294828F90064A022 /* WeatherTableViewCell.xib */,
			);
			path = WeatherCell;
			sourceTree = "<group>";
		};
		22B1CCD2294828D30064A022 /* HourlyCollectionCell */ = {
			isa = PBXGroup;
			children = (
				22B1CCDB29482BF40064A022 /* HourlyTableViewCell.swift */,
				22B1CCDC29482BF40064A022 /* HourlyTableViewCell.xib */,
			);
			path = HourlyCollectionCell;
			sourceTree = "<group>";
		};
		22B1CCE1294890F30064A022 /* Models */ = {
			isa = PBXGroup;
			children = (
				22B1CCE2294891240064A022 /* WeatherModel.swift */,
			);
			path = Models;
			sourceTree = "<group>";
		};
/* End PBXGroup section */

/* Begin PBXNativeTarget section */
		22B1CCAF294786610064A022 /* WeatherApp */ = {
			isa = PBXNativeTarget;
			buildConfigurationList = 22B1CCC7294786650064A022 /* Build configuration list for PBXNativeTarget "WeatherApp" */;
			buildPhases = (
				22B1CCAC294786610064A022 /* Sources */,
				22B1CCAD294786610064A022 /* Frameworks */,
				22B1CCAE294786610064A022 /* Resources */,
			);
			buildRules = (
			);
			dependencies = (
			);
			name = WeatherApp;
			productName = WeatherApp;
			productReference = 22B1CCB0294786610064A022 /* WeatherApp.app */;
			productType = "com.apple.product-type.application";
		};
/* End PBXNativeTarget section */

/* Begin PBXProject section */
		22B1CCA8294786600064A022 /* Project object */ = {
			isa = PBXProject;
			attributes = {
				BuildIndependentTargetsInParallel = 1;
				LastSwiftUpdateCheck = 1410;
				LastUpgradeCheck = 1410;
				TargetAttributes = {
					22B1CCAF294786610064A022 = {
						CreatedOnToolsVersion = 14.1;
					};
				};
			};
			buildConfigurationList = 22B1CCAB294786600064A022 /* Build configuration list for PBXProject "WeatherApp" */;
			compatibilityVersion = "Xcode 14.0";
			developmentRegion = en;
			hasScannedForEncodings = 0;
			knownRegions = (
				en,
				Base,
			);
			mainGroup = 22B1CCA7294786600064A022;
			productRefGroup = 22B1CCB1294786610064A022 /* Products */;
			projectDirPath = "";
			projectRoot = "";
			targets = (
				22B1CCAF294786610064A022 /* WeatherApp */,
			);
		};
/* End PBXProject section */

/* Begin PBXResourcesBuildPhase section */
		22B1CCAE294786610064A022 /* Resources */ = {
			isa = PBXResourcesBuildPhase;
			buildActionMask = 2147483647;
			files = (
				22B1CCD6294828F90064A022 /* WeatherTableViewCell.xib in Resources */,
				22B1CCDE29482BF40064A022 /* HourlyTableViewCell.xib in Resources */,
				22B1CCC3294786650064A022 /* LaunchScreen.storyboard in Resources */,
				22B1CCC0294786650064A022 /* Assets.xcassets in Resources */,
				22B1CCBB294786610064A022 /* Main.storyboard in Resources */,
			);
			runOnlyForDeploymentPostprocessing = 0;
		};
/* End PBXResourcesBuildPhase section */

/* Begin PBXSourcesBuildPhase section */
		22B1CCAC294786610064A022 /* Sources */ = {
			isa = PBXSourcesBuildPhase;
			buildActionMask = 2147483647;
			files = (
				22B1CCD029478BE60064A022 /* Manger.swift in Sources */,
				22B1CCCC29478BBD0064A022 /* HomeScreenVM.swift in Sources */,
				22B1CCE0294841410064A022 /* SceneDelegate.swift in Sources */,
				22B1CCDD29482BF40064A022 /* HourlyTableViewCell.swift in Sources */,
				22B1CCE3294891240064A022 /* WeatherModel.swift in Sources */,
				22B1CCD5294828F90064A022 /* WeatherTableViewCell.swift in Sources */,
				22B1CCBE294786610064A022 /* WeatherApp.xcdatamodeld in Sources */,
				22B1CCB8294786610064A022 /* HomeScreenVC.swift in Sources */,
				22B1CCB4294786610064A022 /* AppDelegate.swift in Sources */,
			);
			runOnlyForDeploymentPostprocessing = 0;
		};
/* End PBXSourcesBuildPhase section */

/* Begin PBXVariantGroup section */
		22B1CCB9294786610064A022 /* Main.storyboard */ = {
			isa = PBXVariantGroup;
			children = (
				22B1CCBA294786610064A022 /* Base */,
			);
			name = Main.storyboard;
			sourceTree = "<group>";
		};
		22B1CCC1294786650064A022 /* LaunchScreen.storyboard */ = {
			isa = PBXVariantGroup;
			children = (
				22B1CCC2294786650064A022 /* Base */,
			);
			name = LaunchScreen.storyboard;
			sourceTree = "<group>";
		};
/* End PBXVariantGroup section */

/* Begin XCBuildConfiguration section */
		22B1CCC5294786650064A022 /* Debug */ = {
			isa = XCBuildConfiguration;
			buildSettings = {
				ALWAYS_SEARCH_USER_PATHS = NO;
				CLANG_ANALYZER_NONNULL = YES;
				CLANG_ANALYZER_NUMBER_OBJECT_CONVERSION = YES_AGGRESSIVE;
				CLANG_CXX_LANGUAGE_STANDARD = "gnu++20";
				CLANG_ENABLE_MODULES = YES;
				CLANG_ENABLE_OBJC_ARC = YES;
				CLANG_ENABLE_OBJC_WEAK = YES;
				CLANG_WARN_BLOCK_CAPTURE_AUTORELEASING = YES;
				CLANG_WARN_BOOL_CONVERSION = YES;
				CLANG_WARN_COMMA = YES;
				CLANG_WARN_CONSTANT_CONVERSION = YES;
				CLANG_WARN_DEPRECATED_OBJC_IMPLEMENTATIONS = YES;
				CLANG_WARN_DIRECT_OBJC_ISA_USAGE = YES_ERROR;
				CLANG_WARN_DOCUMENTATION_COMMENTS = YES;
				CLANG_WARN_EMPTY_BODY = YES;
				CLANG_WARN_ENUM_CONVERSION = YES;
				CLANG_WARN_INFINITE_RECURSION = YES;
				CLANG_WARN_INT_CONVERSION = YES;
				CLANG_WARN_NON_LITERAL_NULL_CONVERSION = YES;
				CLANG_WARN_OBJC_IMPLICIT_RETAIN_SELF = YES;
				CLANG_WARN_OBJC_LITERAL_CONVERSION = YES;
				CLANG_WARN_OBJC_ROOT_CLASS = YES_ERROR;
				CLANG_WARN_QUOTED_INCLUDE_IN_FRAMEWORK_HEADER = YES;
				CLANG_WARN_RANGE_LOOP_ANALYSIS = YES;
				CLANG_WARN_STRICT_PROTOTYPES = YES;
				CLANG_WARN_SUSPICIOUS_MOVE = YES;
				CLANG_WARN_UNGUARDED_AVAILABILITY = YES_AGGRESSIVE;
				CLANG_WARN_UNREACHABLE_CODE = YES;
				CLANG_WARN__DUPLICATE_METHOD_MATCH = YES;
				COPY_PHASE_STRIP = NO;
				DEBUG_INFORMATION_FORMAT = dwarf;
				ENABLE_STRICT_OBJC_MSGSEND = YES;
				ENABLE_TESTABILITY = YES;
				GCC_C_LANGUAGE_STANDARD = gnu11;
				GCC_DYNAMIC_NO_PIC = NO;
				GCC_NO_COMMON_BLOCKS = YES;
				GCC_OPTIMIZATION_LEVEL = 0;
				GCC_PREPROCESSOR_DEFINITIONS = (
					"DEBUG=1",
					"$(inherited)",
				);
				GCC_WARN_64_TO_32_BIT_CONVERSION = YES;
				GCC_WARN_ABOUT_RETURN_TYPE = YES_ERROR;
				GCC_WARN_UNDECLARED_SELECTOR = YES;
				GCC_WARN_UNINITIALIZED_AUTOS = YES_AGGRESSIVE;
				GCC_WARN_UNUSED_FUNCTION = YES;
				GCC_WARN_UNUSED_VARIABLE = YES;
				IPHONEOS_DEPLOYMENT_TARGET = 15.0;
				MTL_ENABLE_DEBUG_INFO = INCLUDE_SOURCE;
				MTL_FAST_MATH = YES;
				ONLY_ACTIVE_ARCH = YES;
				SDKROOT = iphoneos;
				SWIFT_ACTIVE_COMPILATION_CONDITIONS = DEBUG;
				SWIFT_OPTIMIZATION_LEVEL = "-Onone";
			};
			name = Debug;
		};
		22B1CCC6294786650064A022 /* Release */ = {
			isa = XCBuildConfiguration;
			buildSettings = {
				ALWAYS_SEARCH_USER_PATHS = NO;
				CLANG_ANALYZER_NONNULL = YES;
				CLANG_ANALYZER_NUMBER_OBJECT_CONVERSION = YES_AGGRESSIVE;
				CLANG_CXX_LANGUAGE_STANDARD = "gnu++20";
				CLANG_ENABLE_MODULES = YES;
				CLANG_ENABLE_OBJC_ARC = YES;
				CLANG_ENABLE_OBJC_WEAK = YES;
				CLANG_WARN_BLOCK_CAPTURE_AUTORELEASING = YES;
				CLANG_WARN_BOOL_CONVERSION = YES;
				CLANG_WARN_COMMA = YES;
				CLANG_WARN_CONSTANT_CONVERSION = YES;
				CLANG_WARN_DEPRECATED_OBJC_IMPLEMENTATIONS = YES;
				CLANG_WARN_DIRECT_OBJC_ISA_USAGE = YES_ERROR;
				CLANG_WARN_DOCUMENTATION_COMMENTS = YES;
				CLANG_WARN_EMPTY_BODY = YES;
				CLANG_WARN_ENUM_CONVERSION = YES;
				CLANG_WARN_INFINITE_RECURSION = YES;
				CLANG_WARN_INT_CONVERSION = YES;
				CLANG_WARN_NON_LITERAL_NULL_CONVERSION = YES;
				CLANG_WARN_OBJC_IMPLICIT_RETAIN_SELF = YES;
				CLANG_WARN_OBJC_LITERAL_CONVERSION = YES;
				CLANG_WARN_OBJC_ROOT_CLASS = YES_ERROR;
				CLANG_WARN_QUOTED_INCLUDE_IN_FRAMEWORK_HEADER = YES;
				CLANG_WARN_RANGE_LOOP_ANALYSIS = YES;
				CLANG_WARN_STRICT_PROTOTYPES = YES;
				CLANG_WARN_SUSPICIOUS_MOVE = YES;
				CLANG_WARN_UNGUARDED_AVAILABILITY = YES_AGGRESSIVE;
				CLANG_WARN_UNREACHABLE_CODE = YES;
				CLANG_WARN__DUPLICATE_METHOD_MATCH = YES;
				COPY_PHASE_STRIP = NO;
				DEBUG_INFORMATION_FORMAT = "dwarf-with-dsym";
				ENABLE_NS_ASSERTIONS = NO;
				ENABLE_STRICT_OBJC_MSGSEND = YES;
				GCC_C_LANGUAGE_STANDARD = gnu11;
				GCC_NO_COMMON_BLOCKS = YES;
				GCC_WARN_64_TO_32_BIT_CONVERSION = YES;
				GCC_WARN_ABOUT_RETURN_TYPE = YES_ERROR;
				GCC_WARN_UNDECLARED_SELECTOR = YES;
				GCC_WARN_UNINITIALIZED_AUTOS = YES_AGGRESSIVE;
				GCC_WARN_UNUSED_FUNCTION = YES;
				GCC_WARN_UNUSED_VARIABLE = YES;
				IPHONEOS_DEPLOYMENT_TARGET = 15.0;
				MTL_ENABLE_DEBUG_INFO = NO;
				MTL_FAST_MATH = YES;
				SDKROOT = iphoneos;
				SWIFT_COMPILATION_MODE = wholemodule;
				SWIFT_OPTIMIZATION_LEVEL = "-O";
				VALIDATE_PRODUCT = YES;
			};
			name = Release;
		};
		22B1CCC8294786650064A022 /* Debug */ = {
			isa = XCBuildConfiguration;
			buildSettings = {
				ASSETCATALOG_COMPILER_APPICON_NAME = AppIcon;
				ASSETCATALOG_COMPILER_GLOBAL_ACCENT_COLOR_NAME = AccentColor;
				CODE_SIGN_STYLE = Automatic;
				CURRENT_PROJECT_VERSION = 1;
				DEVELOPMENT_TEAM = 6T46N62XKG;
				GENERATE_INFOPLIST_FILE = YES;
				INFOPLIST_FILE = WeatherApp/Info.plist;
				INFOPLIST_KEY_UIApplicationSupportsIndirectInputEvents = YES;
				INFOPLIST_KEY_UILaunchStoryboardName = LaunchScreen;
				INFOPLIST_KEY_UIMainStoryboardFile = Main;
				INFOPLIST_KEY_UISupportedInterfaceOrientations_iPad = "UIInterfaceOrientationPortrait UIInterfaceOrientationPortraitUpsideDown UIInterfaceOrientationLandscapeLeft UIInterfaceOrientationLandscapeRight";
				INFOPLIST_KEY_UISupportedInterfaceOrientations_iPhone = "UIInterfaceOrientationPortrait UIInterfaceOrientationLandscapeLeft UIInterfaceOrientationLandscapeRight";
				IPHONEOS_DEPLOYMENT_TARGET = 15.0;
				LD_RUNPATH_SEARCH_PATHS = (
					"$(inherited)",
					"@executable_path/Frameworks",
				);
				MARKETING_VERSION = 1.0;
				PRODUCT_BUNDLE_IDENTIFIER = thaovtp.WeatherApp;
				PRODUCT_NAME = "$(TARGET_NAME)";
				SWIFT_EMIT_LOC_STRINGS = YES;
				SWIFT_VERSION = 5.0;
				TARGETED_DEVICE_FAMILY = "1,2";
			};
			name = Debug;
		};
		22B1CCC9294786650064A022 /* Release */ = {
			isa = XCBuildConfiguration;
			buildSettings = {
				ASSETCATALOG_COMPILER_APPICON_NAME = AppIcon;
				ASSETCATALOG_COMPILER_GLOBAL_ACCENT_COLOR_NAME = AccentColor;
				CODE_SIGN_STYLE = Automatic;
				CURRENT_PROJECT_VERSION = 1;
				DEVELOPMENT_TEAM = 6T46N62XKG;
				GENERATE_INFOPLIST_FILE = YES;
				INFOPLIST_FILE = WeatherApp/Info.plist;
				INFOPLIST_KEY_UIApplicationSupportsIndirectInputEvents = YES;
				INFOPLIST_KEY_UILaunchStoryboardName = LaunchScreen;
				INFOPLIST_KEY_UIMainStoryboardFile = Main;
				INFOPLIST_KEY_UISupportedInterfaceOrientations_iPad = "UIInterfaceOrientationPortrait UIInterfaceOrientationPortraitUpsideDown UIInterfaceOrientationLandscapeLeft UIInterfaceOrientationLandscapeRight";
				INFOPLIST_KEY_UISupportedInterfaceOrientations_iPhone = "UIInterfaceOrientationPortrait UIInterfaceOrientationLandscapeLeft UIInterfaceOrientationLandscapeRight";
				IPHONEOS_DEPLOYMENT_TARGET = 15.0;
				LD_RUNPATH_SEARCH_PATHS = (
					"$(inherited)",
					"@executable_path/Frameworks",
				);
				MARKETING_VERSION = 1.0;
				PRODUCT_BUNDLE_IDENTIFIER = thaovtp.WeatherApp;
				PRODUCT_NAME = "$(TARGET_NAME)";
				SWIFT_EMIT_LOC_STRINGS = YES;
				SWIFT_VERSION = 5.0;
				TARGETED_DEVICE_FAMILY = "1,2";
			};
			name = Release;
		};
/* End XCBuildConfiguration section */

/* Begin XCConfigurationList section */
		22B1CCAB294786600064A022 /* Build configuration list for PBXProject "WeatherApp" */ = {
			isa = XCConfigurationList;
			buildConfigurations = (
				22B1CCC5294786650064A022 /* Debug */,
				22B1CCC6294786650064A022 /* Release */,
			);
			defaultConfigurationIsVisible = 0;
			defaultConfigurationName = Release;
		};
		22B1CCC7294786650064A022 /* Build configuration list for PBXNativeTarget "WeatherApp" */ = {
			isa = XCConfigurationList;
			buildConfigurations = (
				22B1CCC8294786650064A022 /* Debug */,
				22B1CCC9294786650064A022 /* Release */,
			);
			defaultConfigurationIsVisible = 0;
			defaultConfigurationName = Release;
		};
/* End XCConfigurationList section */

/* Begin XCVersionGroup section */
		22B1CCBC294786610064A022 /* WeatherApp.xcdatamodeld */ = {
			isa = XCVersionGroup;
			children = (
				22B1CCBD294786610064A022 /* WeatherApp.xcdatamodel */,
			);
			currentVersion = 22B1CCBD294786610064A022 /* WeatherApp.xcdatamodel */;
			path = WeatherApp.xcdatamodeld;
			sourceTree = "<group>";
			versionGroupType = wrapper.xcdatamodel;
		};
/* End XCVersionGroup section */
	};
	rootObject = 22B1CCA8294786600064A022 /* Project object */;
}
